
Microsoft Visual Studio Solution File, Format Version 12.00
# Visual Studio Version 16
VisualStudioVersion = 16.0.30804.86
MinimumVisualStudioVersion = 10.0.40219.1
Project("{FAE04EC0-301F-11D3-BF4B-00C04F79EFBC}") = "Csigaverseny_ErdelyiPeter", "Csigaverseny_ErdelyiPeter.csproj", "{0F08434B-C42D-4331-A243-E4EDC31A5215}"
EndProject
Global
	GlobalSection(SolutionConfigurationPlatforms) = preSolution
		Debug|Any CPU = Debug|Any CPU
		Release|Any CPU = Release|Any CPU
	EndGlobalSection
	GlobalSection(ProjectConfigurationPlatforms) = postSolution
		{0F08434B-C42D-4331-A243-E4EDC31A5215}.Debug|Any CPU.ActiveCfg = Debug|Any CPU
		{0F08434B-C42D-4331-A243-E4EDC31A5215}.Debug|Any CPU.Build.0 = Debug|Any CPU
		{0F08434B-C42D-4331-A243-E4EDC31A5215}.Release|Any CPU.ActiveCfg = Release|Any CPU
		{0F08434B-C42D-4331-A243-E4EDC31A5215}.Release|Any CPU.Build.0 = Release|Any CPU
	EndGlobalSection
	GlobalSection(SolutionProperties) = preSolution
		HideSolutionNode = FALSE
	EndGlobalSection
	GlobalSection(ExtensibilityGlobals) = postSolution
		SolutionGuid = {78B84031-FA33-4A3C-9578-3BD57EA1F286}
	EndGlobalSection
EndGlobal
